256 47560072
144 188 68 93 30 88 22 66 218 227 194 110 70 121 174 229 123 238 252 179 230 127 9 240 234 64 99 167 114 237 78 137 38 198 185 3 172 241 91 86 140 16 115 45 2 90 159 201 42 55 189 199 214 75 47 7 101 251 17 20 132 244 53 177 51 220 34 80 97 24 168 183 191 154 186 26 150 196 108 239 118 209 161 28 73 142 248 147 60 72 164 136 87 10 208 89 32 67 33 235 206 203 130 58 225 36 163 54 6 236 40 44 129 23 222 109 126 141 256 49 165 170 202 157 193 134 195 171 182 176 103 143 50 100 65 56 63 133 139 250 69 138 95 8 216 153 77 156 37 219 71 184 160 180 233 21 11 92 190 52 246 192 43 85 4 98 18 128 74 197 117 243 158 57 104 14 232 181 12 46 173 207 224 210 217 249 105 62 135 245 204 96 61 211 178 152 200 226 13 31 120 247 124 231 106 253 228 102 116 119 255 151 94 39 215 111 148 15 83 79 221 254 187 81 35 25 205 5 59 125 84 27 107 242 175 48 122 146 213 145 76 155 1 29 162 169 212 19 131 41 223 113 82 166 112 149 
