256 47838386
187 208 182 227 165 206 172 158 114 122 30 179 83 65 98 41 10 32 4 123 233 148 23 73 197 176 174 194 214 79 231 13 35 67 116 28 60 45 69 117 220 161 38 155 128 56 7 111 256 248 3 151 142 105 85 167 236 144 1 180 229 70 96 27 240 77 109 141 24 237 124 137 132 33 64 90 212 222 234 136 91 18 58 134 130 202 54 203 184 254 103 37 113 11 188 230 53 21 245 133 205 242 162 100 173 140 171 138 224 112 20 160 181 169 8 36 241 244 251 89 131 119 145 153 192 17 210 62 199 219 166 207 110 129 61 143 127 200 209 250 71 101 51 170 74 19 115 108 42 239 163 52 150 118 6 235 104 93 107 156 99 14 68 218 92 43 12 191 217 226 216 135 120 80 75 94 225 72 86 49 87 185 55 2 252 253 198 47 189 175 29 223 44 34 31 66 50 46 190 159 211 78 102 126 15 95 152 48 178 168 204 232 147 39 84 121 146 59 57 63 195 5 196 125 154 243 238 249 246 26 139 247 255 16 183 9 157 81 106 177 40 25 201 193 97 186 22 149 88 164 76 215 228 221 82 213 
