256 47384156
45 36 233 256 227 23 43 197 80 17 75 135 69 187 66 207 8 98 141 228 231 76 144 54 153 58 5 198 202 105 237 239 176 168 112 130 219 90 87 120 71 99 30 110 161 172 150 154 21 252 109 84 127 3 33 102 124 64 19 117 174 147 200 139 40 51 131 122 205 247 47 13 240 181 167 26 11 208 162 190 41 78 217 81 2 226 148 6 195 60 95 194 243 65 189 186 93 20 238 18 94 16 46 53 232 136 7 158 29 221 201 88 250 107 224 67 35 12 39 113 235 15 193 160 152 155 222 72 146 83 52 142 100 180 74 14 129 149 38 42 182 126 91 24 245 203 118 133 177 89 173 4 56 10 82 249 183 79 156 171 188 48 191 248 22 179 104 196 213 108 96 31 140 9 134 246 62 57 166 223 163 28 86 125 244 157 25 170 151 214 192 225 236 59 210 185 73 211 128 145 32 55 119 178 92 132 253 101 164 70 68 212 97 159 106 63 204 184 251 123 61 111 1 229 34 242 165 85 254 115 143 121 255 216 220 215 230 137 44 241 37 114 116 27 49 234 50 77 103 206 175 169 138 218 199 209 
