256 47758750
84 115 247 155 1 166 77 94 128 125 251 111 185 30 59 215 150 152 207 138 69 194 222 246 116 6 253 102 72 147 232 90 158 170 63 82 39 240 114 157 87 205 135 60 67 97 197 79 89 49 2 160 212 191 56 142 163 86 26 96 183 29 189 108 35 252 200 52 177 28 105 220 32 119 24 250 233 242 219 57 227 38 202 209 146 244 9 254 180 140 36 34 221 83 33 47 85 137 15 103 54 53 172 218 130 37 73 193 100 126 168 92 118 81 4 43 23 99 204 91 120 211 201 230 192 80 188 154 8 45 48 20 70 234 129 161 62 144 226 19 213 117 214 195 44 76 178 42 124 78 187 190 184 22 113 225 243 175 167 169 255 132 206 11 71 104 133 228 136 239 210 186 75 55 229 98 107 176 249 208 231 171 112 145 18 256 110 13 40 101 123 46 241 238 51 162 198 21 153 179 174 64 217 5 159 134 31 106 203 164 173 95 68 235 131 143 3 65 196 10 245 151 7 139 93 109 156 74 149 223 17 50 248 127 61 16 141 148 165 25 122 41 14 12 216 58 237 236 27 88 121 224 66 181 199 182 
