256 47616690
97 74 131 149 52 110 84 44 232 145 29 61 167 240 111 126 211 244 222 169 192 188 120 103 175 33 64 35 239 155 254 3 203 218 236 18 99 199 41 228 109 180 6 115 137 250 212 144 201 158 200 23 183 86 251 13 38 88 122 186 209 89 46 9 58 248 206 50 197 106 101 118 207 71 189 24 230 220 141 43 96 113 162 139 20 241 65 47 135 164 32 92 225 27 112 146 142 39 138 45 231 187 83 66 34 68 80 176 190 159 30 178 53 15 245 5 194 100 233 79 87 249 70 226 4 152 56 160 133 221 102 12 76 108 136 51 19 48 90 252 78 147 184 154 59 57 25 104 247 229 127 171 224 129 185 116 114 40 123 26 161 7 243 54 49 105 125 196 157 72 8 165 168 217 214 170 94 134 98 173 253 31 202 223 93 234 140 255 124 75 21 246 60 128 28 119 95 204 198 195 85 22 227 69 63 153 91 235 81 215 210 163 156 36 182 191 67 238 177 237 121 181 62 172 1 17 11 132 55 42 37 242 143 166 179 14 73 77 256 16 82 219 10 208 117 2 148 193 174 205 213 150 216 151 130 107 
