256 48140658
150 173 128 112 80 189 38 169 145 226 251 43 207 182 171 230 11 51 177 31 58 62 88 176 239 195 91 85 120 214 213 131 115 168 144 191 232 202 256 82 158 102 219 49 94 50 137 92 101 199 69 81 8 36 124 45 163 1 40 155 204 122 17 135 217 253 77 3 132 75 73 180 221 142 206 70 110 156 140 5 72 10 148 242 247 212 244 14 25 184 114 250 190 35 106 57 68 146 63 194 60 183 113 130 32 208 33 55 170 161 26 133 83 79 7 42 136 205 117 29 56 74 179 243 21 162 228 181 71 165 152 9 95 254 76 216 185 149 46 84 249 19 54 96 78 97 248 18 215 220 186 37 157 100 13 16 48 153 196 241 233 197 224 105 245 116 164 143 89 65 108 218 201 111 235 225 193 210 154 107 98 166 234 138 67 240 246 47 27 119 23 12 22 151 103 200 59 53 209 93 187 61 66 6 28 252 229 167 87 20 172 159 39 211 175 147 192 30 236 222 237 2 104 34 123 160 141 174 15 129 126 255 203 127 238 178 90 188 86 4 118 125 64 139 24 52 99 41 109 231 134 223 44 227 121 198 
