256 47655748
69 57 47 167 43 243 178 171 123 205 149 209 35 248 25 99 218 208 78 37 44 11 144 32 40 79 199 5 22 51 8 201 255 75 90 173 97 238 125 140 170 236 135 18 93 229 254 147 13 212 130 256 33 45 225 2 154 179 182 152 231 216 101 49 230 142 55 180 30 111 139 206 52 203 113 58 184 72 121 70 84 131 81 118 158 136 176 234 87 227 145 91 85 116 3 21 250 240 105 62 16 197 42 241 146 88 247 68 188 94 80 162 204 38 86 34 217 28 66 165 60 128 181 237 19 164 214 187 244 200 64 251 245 20 232 36 211 219 15 115 148 27 23 174 198 242 31 192 108 46 196 14 122 186 239 143 77 117 202 10 221 223 189 67 53 100 41 253 29 156 95 65 71 96 183 24 134 246 190 220 59 110 103 195 63 1 153 252 106 50 222 226 109 83 194 155 76 161 26 61 74 132 172 249 104 102 126 191 137 141 48 213 157 114 129 17 193 160 150 127 185 151 215 166 119 73 120 163 56 39 133 54 210 169 138 207 9 177 4 98 6 168 112 159 92 175 224 12 228 82 89 235 7 107 124 233 
