256 47719452
140 239 238 69 72 196 9 33 7 173 29 150 155 83 208 32 19 201 58 59 46 242 63 24 5 170 92 36 200 230 253 132 96 109 182 136 210 177 153 232 190 90 145 102 71 122 107 128 99 235 27 121 103 227 135 41 130 43 244 221 133 68 158 167 113 234 4 78 187 126 163 11 203 111 61 228 214 13 207 148 55 249 224 15 49 85 231 1 81 21 179 159 20 50 216 86 45 209 17 137 138 42 134 51 222 124 97 112 160 143 26 226 77 23 229 114 30 237 31 47 205 54 82 199 217 10 219 22 241 202 172 248 95 64 44 204 157 164 141 144 184 223 76 127 84 186 70 213 156 18 243 254 233 75 149 110 131 94 129 191 65 206 193 12 215 152 39 37 147 3 87 8 236 165 178 183 118 91 185 101 16 34 252 192 89 225 98 14 52 40 198 105 53 169 181 60 194 154 119 247 104 188 117 120 88 56 6 246 123 106 189 174 62 175 255 2 256 162 139 212 74 73 93 38 161 171 125 166 108 116 250 80 100 211 220 180 57 35 67 25 168 240 195 151 218 176 245 48 142 28 197 251 146 66 115 79 
