256 47790512
167 140 173 150 2 126 236 158 103 10 219 187 229 149 144 135 51 115 91 251 216 69 255 198 18 71 45 47 177 246 14 5 186 152 124 130 44 120 249 77 147 100 178 42 24 118 169 1 138 106 244 83 162 111 232 171 13 16 54 73 8 88 125 225 184 79 35 209 59 196 211 222 80 220 160 40 56 65 148 49 226 191 22 137 180 239 243 62 113 82 205 92 182 128 94 48 68 185 50 33 32 241 139 157 102 3 7 254 172 96 159 142 6 84 146 85 57 230 99 238 156 110 36 136 89 109 175 252 19 199 114 38 145 163 9 23 66 234 235 231 166 112 237 164 151 206 43 121 192 217 208 27 123 70 15 20 240 17 132 181 223 129 39 55 75 29 190 227 218 154 61 78 76 207 58 81 183 224 72 155 242 104 168 143 201 93 87 203 119 127 4 53 256 228 116 41 37 52 131 214 245 170 26 197 165 248 153 122 107 221 101 193 133 64 74 174 30 141 188 202 253 200 95 194 63 12 11 212 161 108 25 28 215 179 189 21 34 86 176 247 210 117 90 98 233 204 67 46 60 134 31 195 213 105 250 97 
